
Microsoft Visual Studio Solution File, Format Version 12.00
# Visual Studio Version 16
VisualStudioVersion = 16.0.30204.135
MinimumVisualStudioVersion = 10.0.40219.1
Project("{FAE04EC0-301F-11D3-BF4B-00C04F79EFBC}") = "SortMoneyIFStatment", "SortMoneyIFStatment\SortMoneyIFStatment.csproj", "{18D39E9A-481C-474C-92C0-D12AE9CB22D9}"
EndProject
Global
	GlobalSection(SolutionConfigurationPlatforms) = preSolution
		Debug|Any CPU = Debug|Any CPU
		Release|Any CPU = Release|Any CPU
	EndGlobalSection
	GlobalSection(ProjectConfigurationPlatforms) = postSolution
		{18D39E9A-481C-474C-92C0-D12AE9CB22D9}.Debug|Any CPU.ActiveCfg = Debug|Any CPU
		{18D39E9A-481C-474C-92C0-D12AE9CB22D9}.Debug|Any CPU.Build.0 = Debug|Any CPU
		{18D39E9A-481C-474C-92C0-D12AE9CB22D9}.Release|Any CPU.ActiveCfg = Release|Any CPU
		{18D39E9A-481C-474C-92C0-D12AE9CB22D9}.Release|Any CPU.Build.0 = Release|Any CPU
	EndGlobalSection
	GlobalSection(SolutionProperties) = preSolution
		HideSolutionNode = FALSE
	EndGlobalSection
	GlobalSection(ExtensibilityGlobals) = postSolution
		SolutionGuid = {5B6E17FC-FCB2-49FE-B5A4-F6DF6C0D31E7}
	EndGlobalSection
EndGlobal
